
Microsoft Visual Studio Solution File, Format Version 12.00
# Visual Studio Version 16
VisualStudioVersion = 16.0.33529.622
MinimumVisualStudioVersion = 10.0.40219.1
Project("{FAE04EC0-301F-11D3-BF4B-00C04F79EFBC}") = "Cipher", "Cipher.csproj", "{BF311C4C-9045-4EC2-8863-6B0F17FBA0FF}"
EndProject
Global
	GlobalSection(SolutionConfigurationPlatforms) = preSolution
		Debug|Any CPU = Debug|Any CPU
		Release|Any CPU = Release|Any CPU
	EndGlobalSection
	GlobalSection(ProjectConfigurationPlatforms) = postSolution
		{BF311C4C-9045-4EC2-8863-6B0F17FBA0FF}.Debug|Any CPU.ActiveCfg = Debug|Any CPU
		{BF311C4C-9045-4EC2-8863-6B0F17FBA0FF}.Debug|Any CPU.Build.0 = Debug|Any CPU
		{BF311C4C-9045-4EC2-8863-6B0F17FBA0FF}.Release|Any CPU.ActiveCfg = Release|Any CPU
		{BF311C4C-9045-4EC2-8863-6B0F17FBA0FF}.Release|Any CPU.Build.0 = Release|Any CPU
	EndGlobalSection
	GlobalSection(SolutionProperties) = preSolution
		HideSolutionNode = FALSE
	EndGlobalSection
	GlobalSection(ExtensibilityGlobals) = postSolution
		SolutionGuid = {0995B690-E5CE-446C-A83F-7A97FBAB55A9}
	EndGlobalSection
EndGlobal
